github.com/a-h/templ v0.3.1001 h1:yHDTgexACdJttyiyamcTHXr2QkIeVF1MukLy44EAhMY=
github.com/a-h/templ v0.3.1001/go.mod h1:oCZcnKRf5jjsGpf2yELzQfodLphd2mwecwG4Crk5HBo=
github.com/google/go-cmp v0.6.0 h1:ofyhxvXcZhMsU5ulbFiLKl/XBFqE1GSq7atu8tAmTRI=
github.com/google/go-cmp v0.6.0/go.mod h1:17dUlkBOakJ0+DkrSSNjCkIjxS6bF9zb3elmeNGIjoY=
github.com/spcameron/press v0.0.0-20260423165554-cca276125db6 h1:K0VO+YitZrBWJmlGRfGzzwhCeOM3/ObnWl43U+fE7e4=
github.com/spcameron/press v0.0.0-20260423165554-cca276125db6/go.mod h1:hEJlWr0po4egfqPVLRF77fz94qx8ZlDzzQj3Nu4Z2Ko=
github.com/spcameron/press v0.0.0-20260423184510-5a37652a119e h1:rr6f7vWZiDnJRTDaV0wDIn2TON2FiGE9HBHEI6/wLpU=
github.com/spcameron/press v0.0.0-20260423184510-5a37652a119e/go.mod h1:hEJlWr0po4egfqPVLRF77fz94qx8ZlDzzQj3Nu4Z2Ko=
