github.com/a-h/templ v0.3.1001 h1:yHDTgexACdJttyiyamcTHXr2QkIeVF1MukLy44EAhMY=
github.com/a-h/templ v0.3.1001/go.mod h1:oCZcnKRf5jjsGpf2yELzQfodLphd2mwecwG4Crk5HBo=
github.com/google/go-cmp v0.6.0 h1:ofyhxvXcZhMsU5ulbFiLKl/XBFqE1GSq7atu8tAmTRI=
github.com/google/go-cmp v0.6.0/go.mod h1:17dUlkBOakJ0+DkrSSNjCkIjxS6bF9zb3elmeNGIjoY=
github.com/spcameron/press v0.0.0-20260425145833-aa046cf476ed h1:8KkdYg/SArOoOYhzZeOn3GZl+RCOVOu2k9Uh/8bJHMA=
github.com/spcameron/press v0.0.0-20260425145833-aa046cf476ed/go.mod h1:Dd7zfbZQKlUkfBLzu41i5KnlYtFAvWNTbLWyPmdO864=
github.com/spcameron/scribe v0.1.1 h1:K0Fh6IkXaDfvrXpiSYGMgMp6sg1kgYWcEE6ZxaofVSs=
github.com/spcameron/scribe v0.1.1/go.mod h1:meihyIqFcHYwX/oOuk9NfX4g2c8rT9ROvW0Tms9pZAA=
go.yaml.in/yaml/v3 v3.0.4 h1:tfq32ie2Jv2UxXFdLJdh3jXuOzWiL1fo0bu/FbuKpbc=
go.yaml.in/yaml/v3 v3.0.4/go.mod h1:DhzuOOF2ATzADvBadXxruRBLzYTpT36CKvDb3+aBEFg=
gopkg.in/check.v1 v0.0.0-20161208181325-20d25e280405 h1:yhCVgyC4o1eVCa2tZl7eS0r+SDo693bJlVdllGtEeKM=
gopkg.in/check.v1 v0.0.0-20161208181325-20d25e280405/go.mod h1:Co6ibVJAznAaIkqp8huTwlJQCZ016jof/cbN4VW5Yz0=
